# This file is automatically @generated by Cargo.
# It is not intended for manual editing.
version = 3

[[package]]
name = "dc-auth"
version = "0.1.0"

[[package]]
name = "dc-cli"
version = "0.1.0"
dependencies = [
 "dc-common",
 "dc-protocol",
]

[[package]]
name = "dc-command"
version = "0.1.0"

[[package]]
name = "dc-common"
version = "0.1.0"

[[package]]
name = "dc-desktop"
version = "0.1.0"

[[package]]
name = "dc-file-transfer"
version = "0.1.0"

[[package]]
name = "dc-media"
version = "0.1.0"

[[package]]
name = "dc-platform"
version = "0.1.0"

[[package]]
name = "dc-protocol"
version = "0.1.0"
dependencies = [
 "dc-common",
]

[[package]]
name = "dc-session"
version = "0.1.0"

[[package]]
name = "dc-ssh"
version = "0.1.0"

[[package]]
name = "dc-terminal"
version = "0.1.0"

[[package]]
name = "dc-transport"
version = "0.1.0"

[[package]]
name = "dc-ui"
version = "0.1.0"

[[package]]
name = "direct-computing"
version = "0.1.0"
dependencies = [
 "dc-common",
 "dc-protocol",
]
